
Microsoft Visual Studio Solution File, Format Version 12.00
# Visual Studio Version 17
VisualStudioVersion = 17.10.35013.160
MinimumVisualStudioVersion = 10.0.40219.1
Project("{FAE04EC0-301F-11D3-BF4B-00C04F79EFBC}") = "Laboratorka_4", "Laboratorka_4\Laboratorka_4.csproj", "{D5E36AAF-D8B4-43FE-8D36-42466866C8F5}"
EndProject
Global
	GlobalSection(SolutionConfigurationPlatforms) = preSolution
		Debug|Any CPU = Debug|Any CPU
		Release|Any CPU = Release|Any CPU
	EndGlobalSection
	GlobalSection(ProjectConfigurationPlatforms) = postSolution
		{D5E36AAF-D8B4-43FE-8D36-42466866C8F5}.Debug|Any CPU.ActiveCfg = Debug|Any CPU
		{D5E36AAF-D8B4-43FE-8D36-42466866C8F5}.Debug|Any CPU.Build.0 = Debug|Any CPU
		{D5E36AAF-D8B4-43FE-8D36-42466866C8F5}.Release|Any CPU.ActiveCfg = Release|Any CPU
		{D5E36AAF-D8B4-43FE-8D36-42466866C8F5}.Release|Any CPU.Build.0 = Release|Any CPU
	EndGlobalSection
	GlobalSection(SolutionProperties) = preSolution
		HideSolutionNode = FALSE
	EndGlobalSection
	GlobalSection(ExtensibilityGlobals) = postSolution
		SolutionGuid = {23095BE9-A46C-417D-8383-EDB0406B6D33}
	EndGlobalSection
EndGlobal
